
Microsoft Visual Studio Solution File, Format Version 12.00
# Visual Studio Version 17
VisualStudioVersion = 17.11.35327.3
MinimumVisualStudioVersion = 10.0.40219.1
Project("{FAE04EC0-301F-11D3-BF4B-00C04F79EFBC}") = "18.Ejercicio", "18.Ejercicio\18.Ejercicio.csproj", "{8D7A4B7A-A08B-441A-BF61-7E76C62E88E0}"
EndProject
Global
	GlobalSection(SolutionConfigurationPlatforms) = preSolution
		Debug|Any CPU = Debug|Any CPU
		Release|Any CPU = Release|Any CPU
	EndGlobalSection
	GlobalSection(ProjectConfigurationPlatforms) = postSolution
		{8D7A4B7A-A08B-441A-BF61-7E76C62E88E0}.Debug|Any CPU.ActiveCfg = Debug|Any CPU
		{8D7A4B7A-A08B-441A-BF61-7E76C62E88E0}.Debug|Any CPU.Build.0 = Debug|Any CPU
		{8D7A4B7A-A08B-441A-BF61-7E76C62E88E0}.Release|Any CPU.ActiveCfg = Release|Any CPU
		{8D7A4B7A-A08B-441A-BF61-7E76C62E88E0}.Release|Any CPU.Build.0 = Release|Any CPU
	EndGlobalSection
	GlobalSection(SolutionProperties) = preSolution
		HideSolutionNode = FALSE
	EndGlobalSection
	GlobalSection(ExtensibilityGlobals) = postSolution
		SolutionGuid = {891C77ED-86D2-43E3-9B5B-161CD3555FEE}
	EndGlobalSection
EndGlobal
