
Microsoft Visual Studio Solution File, Format Version 12.00
# Visual Studio Version 17
VisualStudioVersion = 17.11.35327.3
MinimumVisualStudioVersion = 10.0.40219.1
Project("{FAE04EC0-301F-11D3-BF4B-00C04F79EFBC}") = "22.Vectores", "22.Vectores\22.Vectores.csproj", "{5083D81E-93D2-452C-99B8-596F9A204AB3}"
EndProject
Global
	GlobalSection(SolutionConfigurationPlatforms) = preSolution
		Debug|Any CPU = Debug|Any CPU
		Release|Any CPU = Release|Any CPU
	EndGlobalSection
	GlobalSection(ProjectConfigurationPlatforms) = postSolution
		{5083D81E-93D2-452C-99B8-596F9A204AB3}.Debug|Any CPU.ActiveCfg = Debug|Any CPU
		{5083D81E-93D2-452C-99B8-596F9A204AB3}.Debug|Any CPU.Build.0 = Debug|Any CPU
		{5083D81E-93D2-452C-99B8-596F9A204AB3}.Release|Any CPU.ActiveCfg = Release|Any CPU
		{5083D81E-93D2-452C-99B8-596F9A204AB3}.Release|Any CPU.Build.0 = Release|Any CPU
	EndGlobalSection
	GlobalSection(SolutionProperties) = preSolution
		HideSolutionNode = FALSE
	EndGlobalSection
	GlobalSection(ExtensibilityGlobals) = postSolution
		SolutionGuid = {D430BB17-CF8A-4671-A338-A41406836FDF}
	EndGlobalSection
EndGlobal
