
Microsoft Visual Studio Solution File, Format Version 12.00
# Visual Studio Version 17
VisualStudioVersion = 17.11.35327.3
MinimumVisualStudioVersion = 10.0.40219.1
Project("{FAE04EC0-301F-11D3-BF4B-00C04F79EFBC}") = "12.Ejercicio", "12.Ejercicio\12.Ejercicio.csproj", "{E7EEFADA-C166-438C-AEE3-186CDDD4D26C}"
EndProject
Global
	GlobalSection(SolutionConfigurationPlatforms) = preSolution
		Debug|Any CPU = Debug|Any CPU
		Release|Any CPU = Release|Any CPU
	EndGlobalSection
	GlobalSection(ProjectConfigurationPlatforms) = postSolution
		{E7EEFADA-C166-438C-AEE3-186CDDD4D26C}.Debug|Any CPU.ActiveCfg = Debug|Any CPU
		{E7EEFADA-C166-438C-AEE3-186CDDD4D26C}.Debug|Any CPU.Build.0 = Debug|Any CPU
		{E7EEFADA-C166-438C-AEE3-186CDDD4D26C}.Release|Any CPU.ActiveCfg = Release|Any CPU
		{E7EEFADA-C166-438C-AEE3-186CDDD4D26C}.Release|Any CPU.Build.0 = Release|Any CPU
	EndGlobalSection
	GlobalSection(SolutionProperties) = preSolution
		HideSolutionNode = FALSE
	EndGlobalSection
	GlobalSection(ExtensibilityGlobals) = postSolution
		SolutionGuid = {9E86F481-FF91-41A7-A4C2-687D8AD2D8C1}
	EndGlobalSection
EndGlobal
