
Microsoft Visual Studio Solution File, Format Version 12.00
# Visual Studio Version 17
VisualStudioVersion = 17.11.35327.3
MinimumVisualStudioVersion = 10.0.40219.1
Project("{FAE04EC0-301F-11D3-BF4B-00C04F79EFBC}") = "26. Ejercicios matrices", "26. Ejercicios matrices\26. Ejercicios matrices.csproj", "{643BA470-9D98-4E8E-9448-0D16A2541650}"
EndProject
Global
	GlobalSection(SolutionConfigurationPlatforms) = preSolution
		Debug|Any CPU = Debug|Any CPU
		Release|Any CPU = Release|Any CPU
	EndGlobalSection
	GlobalSection(ProjectConfigurationPlatforms) = postSolution
		{643BA470-9D98-4E8E-9448-0D16A2541650}.Debug|Any CPU.ActiveCfg = Debug|Any CPU
		{643BA470-9D98-4E8E-9448-0D16A2541650}.Debug|Any CPU.Build.0 = Debug|Any CPU
		{643BA470-9D98-4E8E-9448-0D16A2541650}.Release|Any CPU.ActiveCfg = Release|Any CPU
		{643BA470-9D98-4E8E-9448-0D16A2541650}.Release|Any CPU.Build.0 = Release|Any CPU
	EndGlobalSection
	GlobalSection(SolutionProperties) = preSolution
		HideSolutionNode = FALSE
	EndGlobalSection
	GlobalSection(ExtensibilityGlobals) = postSolution
		SolutionGuid = {CCFD24E1-7764-4AD7-B362-8A3243383C96}
	EndGlobalSection
EndGlobal
