
Microsoft Visual Studio Solution File, Format Version 12.00
# Visual Studio Version 17
VisualStudioVersion = 17.11.35327.3
MinimumVisualStudioVersion = 10.0.40219.1
Project("{FAE04EC0-301F-11D3-BF4B-00C04F79EFBC}") = "11.Ejercicio", "11.Ejercicio\11.Ejercicio.csproj", "{FD3D3C2C-D8ED-4CB2-8869-95E4E93D9524}"
EndProject
Global
	GlobalSection(SolutionConfigurationPlatforms) = preSolution
		Debug|Any CPU = Debug|Any CPU
		Release|Any CPU = Release|Any CPU
	EndGlobalSection
	GlobalSection(ProjectConfigurationPlatforms) = postSolution
		{FD3D3C2C-D8ED-4CB2-8869-95E4E93D9524}.Debug|Any CPU.ActiveCfg = Debug|Any CPU
		{FD3D3C2C-D8ED-4CB2-8869-95E4E93D9524}.Debug|Any CPU.Build.0 = Debug|Any CPU
		{FD3D3C2C-D8ED-4CB2-8869-95E4E93D9524}.Release|Any CPU.ActiveCfg = Release|Any CPU
		{FD3D3C2C-D8ED-4CB2-8869-95E4E93D9524}.Release|Any CPU.Build.0 = Release|Any CPU
	EndGlobalSection
	GlobalSection(SolutionProperties) = preSolution
		HideSolutionNode = FALSE
	EndGlobalSection
	GlobalSection(ExtensibilityGlobals) = postSolution
		SolutionGuid = {BCF1AD23-5938-4AB5-B7B1-6DCD89655C01}
	EndGlobalSection
EndGlobal
