
Microsoft Visual Studio Solution File, Format Version 12.00
# Visual Studio Version 17
VisualStudioVersion = 17.11.35327.3
MinimumVisualStudioVersion = 10.0.40219.1
Project("{FAE04EC0-301F-11D3-BF4B-00C04F79EFBC}") = "5. CondicionalAnidado", "5. CondicionalAnidado\5. CondicionalAnidado.csproj", "{C4A2721C-AAD1-453E-8CBB-D058E08C3959}"
EndProject
Global
	GlobalSection(SolutionConfigurationPlatforms) = preSolution
		Debug|Any CPU = Debug|Any CPU
		Release|Any CPU = Release|Any CPU
	EndGlobalSection
	GlobalSection(ProjectConfigurationPlatforms) = postSolution
		{C4A2721C-AAD1-453E-8CBB-D058E08C3959}.Debug|Any CPU.ActiveCfg = Debug|Any CPU
		{C4A2721C-AAD1-453E-8CBB-D058E08C3959}.Debug|Any CPU.Build.0 = Debug|Any CPU
		{C4A2721C-AAD1-453E-8CBB-D058E08C3959}.Release|Any CPU.ActiveCfg = Release|Any CPU
		{C4A2721C-AAD1-453E-8CBB-D058E08C3959}.Release|Any CPU.Build.0 = Release|Any CPU
	EndGlobalSection
	GlobalSection(SolutionProperties) = preSolution
		HideSolutionNode = FALSE
	EndGlobalSection
	GlobalSection(ExtensibilityGlobals) = postSolution
		SolutionGuid = {66C4B11F-D36A-4B69-A074-7D8C32DBC4B0}
	EndGlobalSection
EndGlobal
