
Microsoft Visual Studio Solution File, Format Version 12.00
# Visual Studio Version 17
VisualStudioVersion = 17.11.35327.3
MinimumVisualStudioVersion = 10.0.40219.1
Project("{FAE04EC0-301F-11D3-BF4B-00C04F79EFBC}") = "27. Ejercicios matrices", "27. Ejercicios matrices\27. Ejercicios matrices.csproj", "{95C285A4-A06F-4470-B3CC-0D2DC9F4584E}"
EndProject
Global
	GlobalSection(SolutionConfigurationPlatforms) = preSolution
		Debug|Any CPU = Debug|Any CPU
		Release|Any CPU = Release|Any CPU
	EndGlobalSection
	GlobalSection(ProjectConfigurationPlatforms) = postSolution
		{95C285A4-A06F-4470-B3CC-0D2DC9F4584E}.Debug|Any CPU.ActiveCfg = Debug|Any CPU
		{95C285A4-A06F-4470-B3CC-0D2DC9F4584E}.Debug|Any CPU.Build.0 = Debug|Any CPU
		{95C285A4-A06F-4470-B3CC-0D2DC9F4584E}.Release|Any CPU.ActiveCfg = Release|Any CPU
		{95C285A4-A06F-4470-B3CC-0D2DC9F4584E}.Release|Any CPU.Build.0 = Release|Any CPU
	EndGlobalSection
	GlobalSection(SolutionProperties) = preSolution
		HideSolutionNode = FALSE
	EndGlobalSection
	GlobalSection(ExtensibilityGlobals) = postSolution
		SolutionGuid = {DD1B57B2-4372-4DE5-ACF2-B01572B7C562}
	EndGlobalSection
EndGlobal
