
Microsoft Visual Studio Solution File, Format Version 12.00
# Visual Studio Version 17
VisualStudioVersion = 17.11.35327.3
MinimumVisualStudioVersion = 10.0.40219.1
Project("{FAE04EC0-301F-11D3-BF4B-00C04F79EFBC}") = "8.TallerFundamentosProgramacion", "8.TallerFundamentosProgramacion.csproj", "{4154646D-4F28-4C5F-BCB8-895E64C4144B}"
EndProject
Global
	GlobalSection(SolutionConfigurationPlatforms) = preSolution
		Debug|Any CPU = Debug|Any CPU
		Release|Any CPU = Release|Any CPU
	EndGlobalSection
	GlobalSection(ProjectConfigurationPlatforms) = postSolution
		{4154646D-4F28-4C5F-BCB8-895E64C4144B}.Debug|Any CPU.ActiveCfg = Debug|Any CPU
		{4154646D-4F28-4C5F-BCB8-895E64C4144B}.Debug|Any CPU.Build.0 = Debug|Any CPU
		{4154646D-4F28-4C5F-BCB8-895E64C4144B}.Release|Any CPU.ActiveCfg = Release|Any CPU
		{4154646D-4F28-4C5F-BCB8-895E64C4144B}.Release|Any CPU.Build.0 = Release|Any CPU
	EndGlobalSection
	GlobalSection(SolutionProperties) = preSolution
		HideSolutionNode = FALSE
	EndGlobalSection
	GlobalSection(ExtensibilityGlobals) = postSolution
		SolutionGuid = {A309E760-58DF-44A6-BF36-ADF6A5194F1D}
	EndGlobalSection
EndGlobal
