
Microsoft Visual Studio Solution File, Format Version 12.00
# Visual Studio Version 17
VisualStudioVersion = 17.11.35327.3
MinimumVisualStudioVersion = 10.0.40219.1
Project("{FAE04EC0-301F-11D3-BF4B-00C04F79EFBC}") = "28. Programacion Modular", "28. Programacion Modular\28. Programacion Modular.csproj", "{031A9567-B0C8-4DCC-87CF-1FCA3068199F}"
EndProject
Global
	GlobalSection(SolutionConfigurationPlatforms) = preSolution
		Debug|Any CPU = Debug|Any CPU
		Release|Any CPU = Release|Any CPU
	EndGlobalSection
	GlobalSection(ProjectConfigurationPlatforms) = postSolution
		{031A9567-B0C8-4DCC-87CF-1FCA3068199F}.Debug|Any CPU.ActiveCfg = Debug|Any CPU
		{031A9567-B0C8-4DCC-87CF-1FCA3068199F}.Debug|Any CPU.Build.0 = Debug|Any CPU
		{031A9567-B0C8-4DCC-87CF-1FCA3068199F}.Release|Any CPU.ActiveCfg = Release|Any CPU
		{031A9567-B0C8-4DCC-87CF-1FCA3068199F}.Release|Any CPU.Build.0 = Release|Any CPU
	EndGlobalSection
	GlobalSection(SolutionProperties) = preSolution
		HideSolutionNode = FALSE
	EndGlobalSection
	GlobalSection(ExtensibilityGlobals) = postSolution
		SolutionGuid = {22AEBD7F-59B6-40AB-BB3A-B0ADEFE80276}
	EndGlobalSection
EndGlobal
