
Microsoft Visual Studio Solution File, Format Version 12.00
# Visual Studio Version 17
VisualStudioVersion = 17.11.35327.3
MinimumVisualStudioVersion = 10.0.40219.1
Project("{FAE04EC0-301F-11D3-BF4B-00C04F79EFBC}") = "14.While6", "14.While6\14.While6.csproj", "{B6501CE5-ABEF-4EC9-B990-C7C78EECD4F5}"
EndProject
Global
	GlobalSection(SolutionConfigurationPlatforms) = preSolution
		Debug|Any CPU = Debug|Any CPU
		Release|Any CPU = Release|Any CPU
	EndGlobalSection
	GlobalSection(ProjectConfigurationPlatforms) = postSolution
		{B6501CE5-ABEF-4EC9-B990-C7C78EECD4F5}.Debug|Any CPU.ActiveCfg = Debug|Any CPU
		{B6501CE5-ABEF-4EC9-B990-C7C78EECD4F5}.Debug|Any CPU.Build.0 = Debug|Any CPU
		{B6501CE5-ABEF-4EC9-B990-C7C78EECD4F5}.Release|Any CPU.ActiveCfg = Release|Any CPU
		{B6501CE5-ABEF-4EC9-B990-C7C78EECD4F5}.Release|Any CPU.Build.0 = Release|Any CPU
	EndGlobalSection
	GlobalSection(SolutionProperties) = preSolution
		HideSolutionNode = FALSE
	EndGlobalSection
	GlobalSection(ExtensibilityGlobals) = postSolution
		SolutionGuid = {A6554E42-57B2-4A2D-84C8-4737401033A6}
	EndGlobalSection
EndGlobal
